
Microsoft Visual Studio Solution File, Format Version 12.00
Project("{FAE04EC0-301F-11D3-BF4B-00C04F79EFBC}") = "MyORM", "MyORM\MyORM.csproj", "{BE252FD9-E720-4880-B6EC-51CCA0E5B313}"
EndProject
Global
	GlobalSection(SolutionConfigurationPlatforms) = preSolution
		Debug|Any CPU = Debug|Any CPU
		Release|Any CPU = Release|Any CPU
	EndGlobalSection
	GlobalSection(ProjectConfigurationPlatforms) = postSolution
		{BE252FD9-E720-4880-B6EC-51CCA0E5B313}.Debug|Any CPU.ActiveCfg = Debug|Any CPU
		{BE252FD9-E720-4880-B6EC-51CCA0E5B313}.Debug|Any CPU.Build.0 = Debug|Any CPU
		{BE252FD9-E720-4880-B6EC-51CCA0E5B313}.Release|Any CPU.ActiveCfg = Release|Any CPU
		{BE252FD9-E720-4880-B6EC-51CCA0E5B313}.Release|Any CPU.Build.0 = Release|Any CPU
	EndGlobalSection
EndGlobal
