
Microsoft Visual Studio Solution File, Format Version 12.00
# Visual Studio Version 17
VisualStudioVersion = 17.7.34031.279
MinimumVisualStudioVersion = 10.0.40219.1
Project("{2150E333-8FDC-42A3-9474-1A3956D46DE8}") = "Chapter_2", "Chapter_2", "{593F19B1-CA44-4264-A1BD-91E4CDF048F7}"
EndProject
Project("{2150E333-8FDC-42A3-9474-1A3956D46DE8}") = "Theme_2", "Theme_2", "{7A7B84C8-F3AF-4513-B75F-D0DDADDD2C54}"
EndProject
Project("{2150E333-8FDC-42A3-9474-1A3956D46DE8}") = "Theme_3", "Theme_3", "{19B4DBF7-173D-45AD-B9AB-BCA608106E29}"
EndProject
Project("{FAE04EC0-301F-11D3-BF4B-00C04F79EFBC}") = "Example_2", "Chapter_2\Theme_2\Example_2\Example_2.csproj", "{7B981FB3-E900-4720-BAAE-2BEF906EE62B}"
EndProject
Project("{FAE04EC0-301F-11D3-BF4B-00C04F79EFBC}") = "Example_1", "Chapter_2\Theme_2\Example_1\Example_1.csproj", "{ACCE5D4B-16D7-4A22-B7AD-666ED9FC3783}"
EndProject
Project("{FAE04EC0-301F-11D3-BF4B-00C04F79EFBC}") = "Example_1", "Chapter_2\Theme_3\Example_1\Example_1.csproj", "{9949AE54-3217-47CE-8279-95D710D23D5C}"
EndProject
Project("{FAE04EC0-301F-11D3-BF4B-00C04F79EFBC}") = "Example_2", "Chapter_2\Theme_3\Example_2\Example_2.csproj", "{6A8E455E-9EBE-408B-BC27-BED6083107D9}"
EndProject
Project("{2150E333-8FDC-42A3-9474-1A3956D46DE8}") = "Theme_4", "Theme_4", "{E6117AF8-0527-46D1-8951-BA9A84A62735}"
EndProject
Project("{FAE04EC0-301F-11D3-BF4B-00C04F79EFBC}") = "Example_1", "Chapter_2\Theme_4\Example_1\Example_1.csproj", "{2601C1C7-1353-4452-857B-B250A9CB8FB6}"
EndProject
Project("{2150E333-8FDC-42A3-9474-1A3956D46DE8}") = "Theme_5", "Theme_5", "{3EA82B24-C930-4716-A44C-B3D65101D9A3}"
EndProject
Project("{FAE04EC0-301F-11D3-BF4B-00C04F79EFBC}") = "Example_1", "Chapter_2\Theme_5\Example_1\Example_1.csproj", "{891CE6AE-11EE-4645-B718-40318E3BFCF9}"
EndProject
Project("{FAE04EC0-301F-11D3-BF4B-00C04F79EFBC}") = "Example_2", "Chapter_2\Theme_5\Example_2\Example_2.csproj", "{38CF80E0-85B2-4482-94C6-3BFCA0D30ED4}"
EndProject
Project("{FAE04EC0-301F-11D3-BF4B-00C04F79EFBC}") = "Example_3", "Chapter_2\Theme_5\Example_3\Example_3.csproj", "{F3CA0408-DBAA-47E1-842B-53B18617AEAE}"
EndProject
Project("{FAE04EC0-301F-11D3-BF4B-00C04F79EFBC}") = "Example_4", "Chapter_2\Theme_5\Example_4\Example_4.csproj", "{B378D4BA-114A-4CAB-BEEF-F5642A79B587}"
EndProject
Project("{FAE04EC0-301F-11D3-BF4B-00C04F79EFBC}") = "Example_5", "Chapter_2\Theme_5\Example_5\Example_5.csproj", "{D3A0C3B5-9A91-453F-848A-1EE649E827BC}"
EndProject
Project("{2150E333-8FDC-42A3-9474-1A3956D46DE8}") = "Theme_6", "Theme_6", "{A67306B1-ECDB-470E-A12F-25308F9D5EF8}"
EndProject
Project("{FAE04EC0-301F-11D3-BF4B-00C04F79EFBC}") = "Example_1", "Chapter_2\Theme_6\Example_1\Example_1.csproj", "{0AD91AA5-E912-4399-9247-9CF00A669146}"
EndProject
Project("{2150E333-8FDC-42A3-9474-1A3956D46DE8}") = "Theme_7", "Theme_7", "{152D5E27-937D-4D1C-A818-6C32C24B78BE}"
EndProject
Project("{FAE04EC0-301F-11D3-BF4B-00C04F79EFBC}") = "Example_1", "Chapter_2\Theme_7\Example_1\Example_1.csproj", "{91696EC9-1EB6-4F39-8BF5-3A3D00E0EA8A}"
EndProject
Project("{2150E333-8FDC-42A3-9474-1A3956D46DE8}") = "Theme_8", "Theme_8", "{905B3EF1-F840-4C96-8D69-0C16A093441F}"
EndProject
Project("{FAE04EC0-301F-11D3-BF4B-00C04F79EFBC}") = "Example_1", "Chapter_2\Theme_8\Example_1\Example_1.csproj", "{CF4B724E-DE3C-4899-91B0-21CD71893623}"
EndProject
Project("{2150E333-8FDC-42A3-9474-1A3956D46DE8}") = "Theme_9", "Theme_9", "{4C41CB8E-22D4-442C-83BD-15A8CB9D1362}"
EndProject
Project("{FAE04EC0-301F-11D3-BF4B-00C04F79EFBC}") = "Example_1", "Chapter_2\Theme_9\Example_1\Example_1.csproj", "{901EFE45-7A7B-45D1-A307-EDAFB69170F6}"
EndProject
Project("{2150E333-8FDC-42A3-9474-1A3956D46DE8}") = "Theme_10", "Theme_10", "{10066157-C2B1-482D-9675-4ED451FA48EE}"
EndProject
Project("{FAE04EC0-301F-11D3-BF4B-00C04F79EFBC}") = "Example_1", "Chapter_2\Theme_10\Example_1\Example_1.csproj", "{E45B4331-D4A5-4CAA-ADF9-A30105C53DAF}"
EndProject
Project("{2150E333-8FDC-42A3-9474-1A3956D46DE8}") = "Theme_11", "Theme_11", "{5BE3BEC0-1B4A-4665-964F-48781B458115}"
EndProject
Project("{FAE04EC0-301F-11D3-BF4B-00C04F79EFBC}") = "Example_1", "Chapter_2\Theme_11\Example_1\Example_1.csproj", "{904DA957-B319-490A-9D4B-D09C1FA48255}"
EndProject
Project("{FAE04EC0-301F-11D3-BF4B-00C04F79EFBC}") = "MyORM", "MyORM\MyORM.csproj", "{7E3B9F8A-AD19-497F-9DDA-6CDBDC215B36}"
EndProject
Project("{FAE04EC0-301F-11D3-BF4B-00C04F79EFBC}") = "TestMyORM", "TestMyORM\TestMyORM.csproj", "{0F6F376E-F5D3-47FE-A70C-8C41C16AE94E}"
EndProject
Global
	GlobalSection(SolutionConfigurationPlatforms) = preSolution
		Debug|Any CPU = Debug|Any CPU
		Release|Any CPU = Release|Any CPU
	EndGlobalSection
	GlobalSection(ProjectConfigurationPlatforms) = postSolution
		{7B981FB3-E900-4720-BAAE-2BEF906EE62B}.Debug|Any CPU.ActiveCfg = Debug|Any CPU
		{7B981FB3-E900-4720-BAAE-2BEF906EE62B}.Debug|Any CPU.Build.0 = Debug|Any CPU
		{7B981FB3-E900-4720-BAAE-2BEF906EE62B}.Release|Any CPU.ActiveCfg = Release|Any CPU
		{7B981FB3-E900-4720-BAAE-2BEF906EE62B}.Release|Any CPU.Build.0 = Release|Any CPU
		{ACCE5D4B-16D7-4A22-B7AD-666ED9FC3783}.Debug|Any CPU.ActiveCfg = Debug|Any CPU
		{ACCE5D4B-16D7-4A22-B7AD-666ED9FC3783}.Debug|Any CPU.Build.0 = Debug|Any CPU
		{ACCE5D4B-16D7-4A22-B7AD-666ED9FC3783}.Release|Any CPU.ActiveCfg = Release|Any CPU
		{ACCE5D4B-16D7-4A22-B7AD-666ED9FC3783}.Release|Any CPU.Build.0 = Release|Any CPU
		{9949AE54-3217-47CE-8279-95D710D23D5C}.Debug|Any CPU.ActiveCfg = Debug|Any CPU
		{9949AE54-3217-47CE-8279-95D710D23D5C}.Debug|Any CPU.Build.0 = Debug|Any CPU
		{9949AE54-3217-47CE-8279-95D710D23D5C}.Release|Any CPU.ActiveCfg = Release|Any CPU
		{9949AE54-3217-47CE-8279-95D710D23D5C}.Release|Any CPU.Build.0 = Release|Any CPU
		{6A8E455E-9EBE-408B-BC27-BED6083107D9}.Debug|Any CPU.ActiveCfg = Debug|Any CPU
		{6A8E455E-9EBE-408B-BC27-BED6083107D9}.Debug|Any CPU.Build.0 = Debug|Any CPU
		{6A8E455E-9EBE-408B-BC27-BED6083107D9}.Release|Any CPU.ActiveCfg = Release|Any CPU
		{6A8E455E-9EBE-408B-BC27-BED6083107D9}.Release|Any CPU.Build.0 = Release|Any CPU
		{2601C1C7-1353-4452-857B-B250A9CB8FB6}.Debug|Any CPU.ActiveCfg = Debug|Any CPU
		{2601C1C7-1353-4452-857B-B250A9CB8FB6}.Debug|Any CPU.Build.0 = Debug|Any CPU
		{2601C1C7-1353-4452-857B-B250A9CB8FB6}.Release|Any CPU.ActiveCfg = Release|Any CPU
		{2601C1C7-1353-4452-857B-B250A9CB8FB6}.Release|Any CPU.Build.0 = Release|Any CPU
		{891CE6AE-11EE-4645-B718-40318E3BFCF9}.Debug|Any CPU.ActiveCfg = Debug|Any CPU
		{891CE6AE-11EE-4645-B718-40318E3BFCF9}.Debug|Any CPU.Build.0 = Debug|Any CPU
		{891CE6AE-11EE-4645-B718-40318E3BFCF9}.Release|Any CPU.ActiveCfg = Release|Any CPU
		{891CE6AE-11EE-4645-B718-40318E3BFCF9}.Release|Any CPU.Build.0 = Release|Any CPU
		{38CF80E0-85B2-4482-94C6-3BFCA0D30ED4}.Debug|Any CPU.ActiveCfg = Debug|Any CPU
		{38CF80E0-85B2-4482-94C6-3BFCA0D30ED4}.Debug|Any CPU.Build.0 = Debug|Any CPU
		{38CF80E0-85B2-4482-94C6-3BFCA0D30ED4}.Release|Any CPU.ActiveCfg = Release|Any CPU
		{38CF80E0-85B2-4482-94C6-3BFCA0D30ED4}.Release|Any CPU.Build.0 = Release|Any CPU
		{F3CA0408-DBAA-47E1-842B-53B18617AEAE}.Debug|Any CPU.ActiveCfg = Debug|Any CPU
		{F3CA0408-DBAA-47E1-842B-53B18617AEAE}.Debug|Any CPU.Build.0 = Debug|Any CPU
		{F3CA0408-DBAA-47E1-842B-53B18617AEAE}.Release|Any CPU.ActiveCfg = Release|Any CPU
		{F3CA0408-DBAA-47E1-842B-53B18617AEAE}.Release|Any CPU.Build.0 = Release|Any CPU
		{B378D4BA-114A-4CAB-BEEF-F5642A79B587}.Debug|Any CPU.ActiveCfg = Debug|Any CPU
		{B378D4BA-114A-4CAB-BEEF-F5642A79B587}.Debug|Any CPU.Build.0 = Debug|Any CPU
		{B378D4BA-114A-4CAB-BEEF-F5642A79B587}.Release|Any CPU.ActiveCfg = Release|Any CPU
		{B378D4BA-114A-4CAB-BEEF-F5642A79B587}.Release|Any CPU.Build.0 = Release|Any CPU
		{D3A0C3B5-9A91-453F-848A-1EE649E827BC}.Debug|Any CPU.ActiveCfg = Debug|Any CPU
		{D3A0C3B5-9A91-453F-848A-1EE649E827BC}.Debug|Any CPU.Build.0 = Debug|Any CPU
		{D3A0C3B5-9A91-453F-848A-1EE649E827BC}.Release|Any CPU.ActiveCfg = Release|Any CPU
		{D3A0C3B5-9A91-453F-848A-1EE649E827BC}.Release|Any CPU.Build.0 = Release|Any CPU
		{0AD91AA5-E912-4399-9247-9CF00A669146}.Debug|Any CPU.ActiveCfg = Debug|Any CPU
		{0AD91AA5-E912-4399-9247-9CF00A669146}.Debug|Any CPU.Build.0 = Debug|Any CPU
		{0AD91AA5-E912-4399-9247-9CF00A669146}.Release|Any CPU.ActiveCfg = Release|Any CPU
		{0AD91AA5-E912-4399-9247-9CF00A669146}.Release|Any CPU.Build.0 = Release|Any CPU
		{91696EC9-1EB6-4F39-8BF5-3A3D00E0EA8A}.Debug|Any CPU.ActiveCfg = Debug|Any CPU
		{91696EC9-1EB6-4F39-8BF5-3A3D00E0EA8A}.Debug|Any CPU.Build.0 = Debug|Any CPU
		{91696EC9-1EB6-4F39-8BF5-3A3D00E0EA8A}.Release|Any CPU.ActiveCfg = Release|Any CPU
		{91696EC9-1EB6-4F39-8BF5-3A3D00E0EA8A}.Release|Any CPU.Build.0 = Release|Any CPU
		{CF4B724E-DE3C-4899-91B0-21CD71893623}.Debug|Any CPU.ActiveCfg = Debug|Any CPU
		{CF4B724E-DE3C-4899-91B0-21CD71893623}.Debug|Any CPU.Build.0 = Debug|Any CPU
		{CF4B724E-DE3C-4899-91B0-21CD71893623}.Release|Any CPU.ActiveCfg = Release|Any CPU
		{CF4B724E-DE3C-4899-91B0-21CD71893623}.Release|Any CPU.Build.0 = Release|Any CPU
		{901EFE45-7A7B-45D1-A307-EDAFB69170F6}.Debug|Any CPU.ActiveCfg = Debug|Any CPU
		{901EFE45-7A7B-45D1-A307-EDAFB69170F6}.Debug|Any CPU.Build.0 = Debug|Any CPU
		{901EFE45-7A7B-45D1-A307-EDAFB69170F6}.Release|Any CPU.ActiveCfg = Release|Any CPU
		{901EFE45-7A7B-45D1-A307-EDAFB69170F6}.Release|Any CPU.Build.0 = Release|Any CPU
		{E45B4331-D4A5-4CAA-ADF9-A30105C53DAF}.Debug|Any CPU.ActiveCfg = Debug|Any CPU
		{E45B4331-D4A5-4CAA-ADF9-A30105C53DAF}.Debug|Any CPU.Build.0 = Debug|Any CPU
		{E45B4331-D4A5-4CAA-ADF9-A30105C53DAF}.Release|Any CPU.ActiveCfg = Release|Any CPU
		{E45B4331-D4A5-4CAA-ADF9-A30105C53DAF}.Release|Any CPU.Build.0 = Release|Any CPU
		{904DA957-B319-490A-9D4B-D09C1FA48255}.Debug|Any CPU.ActiveCfg = Debug|Any CPU
		{904DA957-B319-490A-9D4B-D09C1FA48255}.Debug|Any CPU.Build.0 = Debug|Any CPU
		{904DA957-B319-490A-9D4B-D09C1FA48255}.Release|Any CPU.ActiveCfg = Release|Any CPU
		{904DA957-B319-490A-9D4B-D09C1FA48255}.Release|Any CPU.Build.0 = Release|Any CPU
		{7E3B9F8A-AD19-497F-9DDA-6CDBDC215B36}.Debug|Any CPU.ActiveCfg = Debug|Any CPU
		{7E3B9F8A-AD19-497F-9DDA-6CDBDC215B36}.Debug|Any CPU.Build.0 = Debug|Any CPU
		{7E3B9F8A-AD19-497F-9DDA-6CDBDC215B36}.Release|Any CPU.ActiveCfg = Release|Any CPU
		{7E3B9F8A-AD19-497F-9DDA-6CDBDC215B36}.Release|Any CPU.Build.0 = Release|Any CPU
		{0F6F376E-F5D3-47FE-A70C-8C41C16AE94E}.Debug|Any CPU.ActiveCfg = Debug|Any CPU
		{0F6F376E-F5D3-47FE-A70C-8C41C16AE94E}.Debug|Any CPU.Build.0 = Debug|Any CPU
		{0F6F376E-F5D3-47FE-A70C-8C41C16AE94E}.Release|Any CPU.ActiveCfg = Release|Any CPU
		{0F6F376E-F5D3-47FE-A70C-8C41C16AE94E}.Release|Any CPU.Build.0 = Release|Any CPU
	EndGlobalSection
	GlobalSection(SolutionProperties) = preSolution
		HideSolutionNode = FALSE
	EndGlobalSection
	GlobalSection(NestedProjects) = preSolution
		{7A7B84C8-F3AF-4513-B75F-D0DDADDD2C54} = {593F19B1-CA44-4264-A1BD-91E4CDF048F7}
		{19B4DBF7-173D-45AD-B9AB-BCA608106E29} = {593F19B1-CA44-4264-A1BD-91E4CDF048F7}
		{7B981FB3-E900-4720-BAAE-2BEF906EE62B} = {7A7B84C8-F3AF-4513-B75F-D0DDADDD2C54}
		{ACCE5D4B-16D7-4A22-B7AD-666ED9FC3783} = {7A7B84C8-F3AF-4513-B75F-D0DDADDD2C54}
		{9949AE54-3217-47CE-8279-95D710D23D5C} = {19B4DBF7-173D-45AD-B9AB-BCA608106E29}
		{6A8E455E-9EBE-408B-BC27-BED6083107D9} = {19B4DBF7-173D-45AD-B9AB-BCA608106E29}
		{E6117AF8-0527-46D1-8951-BA9A84A62735} = {593F19B1-CA44-4264-A1BD-91E4CDF048F7}
		{2601C1C7-1353-4452-857B-B250A9CB8FB6} = {E6117AF8-0527-46D1-8951-BA9A84A62735}
		{3EA82B24-C930-4716-A44C-B3D65101D9A3} = {593F19B1-CA44-4264-A1BD-91E4CDF048F7}
		{891CE6AE-11EE-4645-B718-40318E3BFCF9} = {3EA82B24-C930-4716-A44C-B3D65101D9A3}
		{38CF80E0-85B2-4482-94C6-3BFCA0D30ED4} = {3EA82B24-C930-4716-A44C-B3D65101D9A3}
		{F3CA0408-DBAA-47E1-842B-53B18617AEAE} = {3EA82B24-C930-4716-A44C-B3D65101D9A3}
		{B378D4BA-114A-4CAB-BEEF-F5642A79B587} = {3EA82B24-C930-4716-A44C-B3D65101D9A3}
		{D3A0C3B5-9A91-453F-848A-1EE649E827BC} = {3EA82B24-C930-4716-A44C-B3D65101D9A3}
		{A67306B1-ECDB-470E-A12F-25308F9D5EF8} = {593F19B1-CA44-4264-A1BD-91E4CDF048F7}
		{0AD91AA5-E912-4399-9247-9CF00A669146} = {A67306B1-ECDB-470E-A12F-25308F9D5EF8}
		{152D5E27-937D-4D1C-A818-6C32C24B78BE} = {593F19B1-CA44-4264-A1BD-91E4CDF048F7}
		{91696EC9-1EB6-4F39-8BF5-3A3D00E0EA8A} = {152D5E27-937D-4D1C-A818-6C32C24B78BE}
		{905B3EF1-F840-4C96-8D69-0C16A093441F} = {593F19B1-CA44-4264-A1BD-91E4CDF048F7}
		{CF4B724E-DE3C-4899-91B0-21CD71893623} = {905B3EF1-F840-4C96-8D69-0C16A093441F}
		{4C41CB8E-22D4-442C-83BD-15A8CB9D1362} = {593F19B1-CA44-4264-A1BD-91E4CDF048F7}
		{901EFE45-7A7B-45D1-A307-EDAFB69170F6} = {4C41CB8E-22D4-442C-83BD-15A8CB9D1362}
		{10066157-C2B1-482D-9675-4ED451FA48EE} = {593F19B1-CA44-4264-A1BD-91E4CDF048F7}
		{E45B4331-D4A5-4CAA-ADF9-A30105C53DAF} = {10066157-C2B1-482D-9675-4ED451FA48EE}
		{5BE3BEC0-1B4A-4665-964F-48781B458115} = {593F19B1-CA44-4264-A1BD-91E4CDF048F7}
		{904DA957-B319-490A-9D4B-D09C1FA48255} = {5BE3BEC0-1B4A-4665-964F-48781B458115}
	EndGlobalSection
	GlobalSection(ExtensibilityGlobals) = postSolution
		SolutionGuid = {054A7983-2864-4A4A-9517-57903A8E0DDD}
	EndGlobalSection
EndGlobal
